{
  "version": 1,
  "dependencies": {
    "net8.0": {
      "Microsoft.Extensions.FileSystemGlobbing": {
        "type": "Direct",
        "requested": "[8.0.0, )",
        "resolved": "8.0.0",
        "contentHash": "OK+670i7esqlQrPjdIKRbsyMCe9g5kSLpRRQGSr4Q58AOYEe/hCnfLZprh7viNisSUUQZmMrbbuDaIrP+V1ebQ=="
      }
    }
  }
}